# This file is generated by running "yarn install" inside your project.
# Manual changes might be lost - proceed with caution!

__metadata:
  version: 8
  cacheKey: 10

".claude@workspace:.":
  version: 0.0.0-use.local
  resolution: ".claude@workspace:."
  dependencies:
    markdownlint-cli: "npm:^0.45.0"
    typescript: "npm:^5.9.2"
  languageName: unknown
  linkType: soft

"@isaacs/balanced-match@npm:^4.0.1":
  version: 4.0.1
  resolution: "@isaacs/balanced-match@npm:4.0.1"
  checksum: 10/102fbc6d2c0d5edf8f6dbf2b3feb21695a21bc850f11bc47c4f06aa83bd8884fde3fe9d6d797d619901d96865fdcb4569ac2a54c937992c48885c5e3d9967fe8
  languageName: node
  linkType: hard

"@isaacs/brace-expansion@npm:^5.0.0":
  version: 5.0.0
  resolution: "@isaacs/brace-expansion@npm:5.0.0"
  dependencies:
    "@isaacs/balanced-match": "npm:^4.0.1"
  checksum: 10/cf3b7f206aff12128214a1df764ac8cdbc517c110db85249b945282407e3dfc5c6e66286383a7c9391a059fc8e6e6a8ca82262fc9d2590bd615376141fbebd2d
  languageName: node
  linkType: hard

"@isaacs/cliui@npm:^8.0.2":
  version: 8.0.2
  resolution: "@isaacs/cliui@npm:8.0.2"
  dependencies:
    string-width: "npm:^5.1.2"
    string-width-cjs: "npm:string-width@^4.2.0"
    strip-ansi: "npm:^7.0.1"
    strip-ansi-cjs: "npm:strip-ansi@^6.0.1"
    wrap-ansi: "npm:^8.1.0"
    wrap-ansi-cjs: "npm:wrap-ansi@^7.0.0"
  checksum: 10/e9ed5fd27c3aec1095e3a16e0c0cf148d1fee55a38665c35f7b3f86a9b5d00d042ddaabc98e8a1cb7463b9378c15f22a94eb35e99469c201453eb8375191f243
  languageName: node
  linkType: hard

"@types/debug@npm:^4.0.0":
  version: 4.1.12
  resolution: "@types/debug@npm:4.1.12"
  dependencies:
    "@types/ms": "npm:*"
  checksum: 10/47876a852de8240bfdaf7481357af2b88cb660d30c72e73789abf00c499d6bc7cd5e52f41c915d1b9cd8ec9fef5b05688d7b7aef17f7f272c2d04679508d1053
  languageName: node
  linkType: hard

"@types/katex@npm:^0.16.0":
  version: 0.16.7
  resolution: "@types/katex@npm:0.16.7"
  checksum: 10/4fd15d93553be97c02c064e16be18d7ccbabf66ec72a9dc7fd5bfa47f0c7581da2f942f693c7cb59499de4c843c2189796e49c9647d336cbd52b777b6722a95a
  languageName: node
  linkType: hard

"@types/ms@npm:*":
  version: 2.1.0
  resolution: "@types/ms@npm:2.1.0"
  checksum: 10/532d2ebb91937ccc4a89389715e5b47d4c66e708d15942fe6cc25add6dc37b2be058230a327dd50f43f89b8b6d5d52b74685a9e8f70516edfc9bdd6be910eff4
  languageName: node
  linkType: hard

"@types/unist@npm:^2.0.0":
  version: 2.0.11
  resolution: "@types/unist@npm:2.0.11"
  checksum: 10/6d436e832bc35c6dde9f056ac515ebf2b3384a1d7f63679d12358766f9b313368077402e9c1126a14d827f10370a5485e628bf61aa91117cf4fc882423191a4e
  languageName: node
  linkType: hard

"ansi-regex@npm:^5.0.1":
  version: 5.0.1
  resolution: "ansi-regex@npm:5.0.1"
  checksum: 10/2aa4bb54caf2d622f1afdad09441695af2a83aa3fe8b8afa581d205e57ed4261c183c4d3877cee25794443fde5876417d859c108078ab788d6af7e4fe52eb66b
  languageName: node
  linkType: hard

"ansi-regex@npm:^6.0.1":
  version: 6.2.2
  resolution: "ansi-regex@npm:6.2.2"
  checksum: 10/9b17ce2c6daecc75bcd5966b9ad672c23b184dc3ed9bf3c98a0702f0d2f736c15c10d461913568f2cf527a5e64291c7473358885dd493305c84a1cfed66ba94f
  languageName: node
  linkType: hard

"ansi-styles@npm:^4.0.0":
  version: 4.3.0
  resolution: "ansi-styles@npm:4.3.0"
  dependencies:
    color-convert: "npm:^2.0.1"
  checksum: 10/b4494dfbfc7e4591b4711a396bd27e540f8153914123dccb4cdbbcb514015ada63a3809f362b9d8d4f6b17a706f1d7bea3c6f974b15fa5ae76b5b502070889ff
  languageName: node
  linkType: hard

"ansi-styles@npm:^6.1.0":
  version: 6.2.3
  resolution: "ansi-styles@npm:6.2.3"
  checksum: 10/c49dad7639f3e48859bd51824c93b9eb0db628afc243c51c3dd2410c4a15ede1a83881c6c7341aa2b159c4f90c11befb38f2ba848c07c66c9f9de4bcd7cb9f30
  languageName: node
  linkType: hard

"argparse@npm:^2.0.1":
  version: 2.0.1
  resolution: "argparse@npm:2.0.1"
  checksum: 10/18640244e641a417ec75a9bd38b0b2b6b95af5199aa241b131d4b2fb206f334d7ecc600bd194861610a5579084978bfcbb02baa399dbe442d56d0ae5e60dbaef
  languageName: node
  linkType: hard

"character-entities-legacy@npm:^3.0.0":
  version: 3.0.0
  resolution: "character-entities-legacy@npm:3.0.0"
  checksum: 10/7582af055cb488b626d364b7d7a4e46b06abd526fb63c0e4eb35bcb9c9799cc4f76b39f34fdccef2d1174ac95e53e9ab355aae83227c1a2505877893fce77731
  languageName: node
  linkType: hard

"character-entities@npm:^2.0.0":
  version: 2.0.2
  resolution: "character-entities@npm:2.0.2"
  checksum: 10/c8dd1f4bf1a92fccf7d2fad9673660a88b37854557d30f6076c32fedfb92d1420208298829ff1d3b6b4fa1c7012e8326c45e7f5c3ed1e9a09ec177593c521b2f
  languageName: node
  linkType: hard

"character-reference-invalid@npm:^2.0.0":
  version: 2.0.1
  resolution: "character-reference-invalid@npm:2.0.1"
  checksum: 10/98d3b1a52ae510b7329e6ee7f6210df14f1e318c5415975d4c9e7ee0ef4c07875d47c6e74230c64551f12f556b4a8ccc24d9f3691a2aa197019e72a95e9297ee
  languageName: node
  linkType: hard

"color-convert@npm:^2.0.1":
  version: 2.0.1
  resolution: "color-convert@npm:2.0.1"
  dependencies:
    color-name: "npm:~1.1.4"
  checksum: 10/fa00c91b4332b294de06b443923246bccebe9fab1b253f7fe1772d37b06a2269b4039a85e309abe1fe11b267b11c08d1d0473fda3badd6167f57313af2887a64
  languageName: node
  linkType: hard

"color-name@npm:~1.1.4":
  version: 1.1.4
  resolution: "color-name@npm:1.1.4"
  checksum: 10/b0445859521eb4021cd0fb0cc1a75cecf67fceecae89b63f62b201cca8d345baf8b952c966862a9d9a2632987d4f6581f0ec8d957dfacece86f0a7919316f610
  languageName: node
  linkType: hard

"commander@npm:^8.3.0":
  version: 8.3.0
  resolution: "commander@npm:8.3.0"
  checksum: 10/6b7b5d334483ce24bd73c5dac2eab901a7dbb25fd983ea24a1eeac6e7166bb1967f641546e8abf1920afbde86a45fbfe5812fbc69d0dc451bb45ca416a12a3a3
  languageName: node
  linkType: hard

"commander@npm:~13.1.0":
  version: 13.1.0
  resolution: "commander@npm:13.1.0"
  checksum: 10/d3b4b79e6be8471ddadacbb8cd441fe82154d7da7393b50e76165a9e29ccdb74fa911a186437b9a211d0fc071db6051915c94fb8ef16d77511d898e9dbabc6af
  languageName: node
  linkType: hard

"cross-spawn@npm:^7.0.6":
  version: 7.0.6
  resolution: "cross-spawn@npm:7.0.6"
  dependencies:
    path-key: "npm:^3.1.0"
    shebang-command: "npm:^2.0.0"
    which: "npm:^2.0.1"
  checksum: 10/0d52657d7ae36eb130999dffff1168ec348687b48dd38e2ff59992ed916c88d328cf1d07ff4a4a10bc78de5e1c23f04b306d569e42f7a2293915c081e4dfee86
  languageName: node
  linkType: hard

"debug@npm:^4.0.0":
  version: 4.4.3
  resolution: "debug@npm:4.4.3"
  dependencies:
    ms: "npm:^2.1.3"
  peerDependenciesMeta:
    supports-color:
      optional: true
  checksum: 10/9ada3434ea2993800bd9a1e320bd4aa7af69659fb51cca685d390949434bc0a8873c21ed7c9b852af6f2455a55c6d050aa3937d52b3c69f796dab666f762acad
  languageName: node
  linkType: hard

"decode-named-character-reference@npm:^1.0.0":
  version: 1.2.0
  resolution: "decode-named-character-reference@npm:1.2.0"
  dependencies:
    character-entities: "npm:^2.0.0"
  checksum: 10/f26b23046c1a137c0b41fa51e3ce07ba8364640322c742a31570999784abc8572fc24cb108a76b14ff72ddb75d35aad3d14b10d7743639112145a2664b9d1864
  languageName: node
  linkType: hard

"deep-extend@npm:^0.6.0":
  version: 0.6.0
  resolution: "deep-extend@npm:0.6.0"
  checksum: 10/7be7e5a8d468d6b10e6a67c3de828f55001b6eb515d014f7aeb9066ce36bd5717161eb47d6a0f7bed8a9083935b465bc163ee2581c8b128d29bf61092fdf57a7
  languageName: node
  linkType: hard

"dequal@npm:^2.0.0":
  version: 2.0.3
  resolution: "dequal@npm:2.0.3"
  checksum: 10/6ff05a7561f33603df87c45e389c9ac0a95e3c056be3da1a0c4702149e3a7f6fe5ffbb294478687ba51a9e95f3a60e8b6b9005993acd79c292c7d15f71964b6b
  languageName: node
  linkType: hard

"devlop@npm:^1.0.0":
  version: 1.1.0
  resolution: "devlop@npm:1.1.0"
  dependencies:
    dequal: "npm:^2.0.0"
  checksum: 10/3cc5f903d02d279d6dc4aa71ab6ed9898b9f4d1f861cc5421ce7357893c21b9520de78afb203c92bd650a6977ad0ca98195453a0707a39958cf5fea3b0a8ddd8
  languageName: node
  linkType: hard

"eastasianwidth@npm:^0.2.0":
  version: 0.2.0
  resolution: "eastasianwidth@npm:0.2.0"
  checksum: 10/9b1d3e1baefeaf7d70799db8774149cef33b97183a6addceeba0cf6b85ba23ee2686f302f14482006df32df75d32b17c509c143a3689627929e4a8efaf483952
  languageName: node
  linkType: hard

"emoji-regex@npm:^8.0.0":
  version: 8.0.0
  resolution: "emoji-regex@npm:8.0.0"
  checksum: 10/c72d67a6821be15ec11997877c437491c313d924306b8da5d87d2a2bcc2cec9903cb5b04ee1a088460501d8e5b44f10df82fdc93c444101a7610b80c8b6938e1
  languageName: node
  linkType: hard

"emoji-regex@npm:^9.2.2":
  version: 9.2.2
  resolution: "emoji-regex@npm:9.2.2"
  checksum: 10/915acf859cea7131dac1b2b5c9c8e35c4849e325a1d114c30adb8cd615970f6dca0e27f64f3a4949d7d6ed86ecd79a1c5c63f02e697513cddd7b5835c90948b8
  languageName: node
  linkType: hard

"entities@npm:^4.4.0":
  version: 4.5.0
  resolution: "entities@npm:4.5.0"
  checksum: 10/ede2a35c9bce1aeccd055a1b445d41c75a14a2bb1cd22e242f20cf04d236cdcd7f9c859eb83f76885327bfae0c25bf03303665ee1ce3d47c5927b98b0e3e3d48
  languageName: node
  linkType: hard

"foreground-child@npm:^3.3.1":
  version: 3.3.1
  resolution: "foreground-child@npm:3.3.1"
  dependencies:
    cross-spawn: "npm:^7.0.6"
    signal-exit: "npm:^4.0.1"
  checksum: 10/427b33f997a98073c0424e5c07169264a62cda806d8d2ded159b5b903fdfc8f0a1457e06b5fc35506497acb3f1e353f025edee796300209ac6231e80edece835
  languageName: node
  linkType: hard

"glob@npm:~11.0.2":
  version: 11.0.3
  resolution: "glob@npm:11.0.3"
  dependencies:
    foreground-child: "npm:^3.3.1"
    jackspeak: "npm:^4.1.1"
    minimatch: "npm:^10.0.3"
    minipass: "npm:^7.1.2"
    package-json-from-dist: "npm:^1.0.0"
    path-scurry: "npm:^2.0.0"
  bin:
    glob: dist/esm/bin.mjs
  checksum: 10/2ae536c1360c0266b523b2bfa6aadc10144a8b7e08869b088e37ac3c27cd30774f82e4bfb291cde796776e878f9e13200c7ff44010eb7054e00f46f649397893
  languageName: node
  linkType: hard

"ignore@npm:~7.0.4":
  version: 7.0.5
  resolution: "ignore@npm:7.0.5"
  checksum: 10/f134b96a4de0af419196f52c529d5c6120c4456ff8a6b5a14ceaaa399f883e15d58d2ce651c9b69b9388491d4669dda47285d307e827de9304a53a1824801bc6
  languageName: node
  linkType: hard

"ini@npm:~4.1.0":
  version: 4.1.3
  resolution: "ini@npm:4.1.3"
  checksum: 10/f536b414d1442e5b233429e2b56efcdb354109b2d65ddd489e5939d8f0f5ad23c88aa2b19c92987249d0dd63ba8192e9aeb1a02b0459549c5a9ff31acd729a5d
  languageName: node
  linkType: hard

"is-alphabetical@npm:^2.0.0":
  version: 2.0.1
  resolution: "is-alphabetical@npm:2.0.1"
  checksum: 10/56207db8d9de0850f0cd30f4966bf731eb82cedfe496cbc2e97e7c3bacaf66fc54a972d2d08c0d93bb679cb84976a05d24c5ad63de56fabbfc60aadae312edaa
  languageName: node
  linkType: hard

"is-alphanumerical@npm:^2.0.0":
  version: 2.0.1
  resolution: "is-alphanumerical@npm:2.0.1"
  dependencies:
    is-alphabetical: "npm:^2.0.0"
    is-decimal: "npm:^2.0.0"
  checksum: 10/87acc068008d4c9c4e9f5bd5e251041d42e7a50995c77b1499cf6ed248f971aadeddb11f239cabf09f7975ee58cac7a48ffc170b7890076d8d227b24a68663c9
  languageName: node
  linkType: hard

"is-decimal@npm:^2.0.0":
  version: 2.0.1
  resolution: "is-decimal@npm:2.0.1"
  checksum: 10/97132de7acdce77caa7b797632970a2ecd649a88e715db0e4dbc00ab0708b5e7574ba5903962c860cd4894a14fd12b100c0c4ac8aed445cf6f55c6cf747a4158
  languageName: node
  linkType: hard

"is-fullwidth-code-point@npm:^3.0.0":
  version: 3.0.0
  resolution: "is-fullwidth-code-point@npm:3.0.0"
  checksum: 10/44a30c29457c7fb8f00297bce733f0a64cd22eca270f83e58c105e0d015e45c019491a4ab2faef91ab51d4738c670daff901c799f6a700e27f7314029e99e348
  languageName: node
  linkType: hard

"is-hexadecimal@npm:^2.0.0":
  version: 2.0.1
  resolution: "is-hexadecimal@npm:2.0.1"
  checksum: 10/66a2ea85994c622858f063f23eda506db29d92b52580709eb6f4c19550552d4dcf3fb81952e52f7cf972097237959e00adc7bb8c9400cd12886e15bf06145321
  languageName: node
  linkType: hard

"isexe@npm:^2.0.0":
  version: 2.0.0
  resolution: "isexe@npm:2.0.0"
  checksum: 10/7c9f715c03aff08f35e98b1fadae1b9267b38f0615d501824f9743f3aab99ef10e303ce7db3f186763a0b70a19de5791ebfc854ff884d5a8c4d92211f642ec92
  languageName: node
  linkType: hard

"jackspeak@npm:^4.1.1":
  version: 4.1.1
  resolution: "jackspeak@npm:4.1.1"
  dependencies:
    "@isaacs/cliui": "npm:^8.0.2"
  checksum: 10/ffceb270ec286841f48413bfb4a50b188662dfd599378ce142b6540f3f0a66821dc9dcb1e9ebc55c6c3b24dc2226c96e5819ba9bd7a241bd29031b61911718c7
  languageName: node
  linkType: hard

"js-yaml@npm:~4.1.0":
  version: 4.1.0
  resolution: "js-yaml@npm:4.1.0"
  dependencies:
    argparse: "npm:^2.0.1"
  bin:
    js-yaml: bin/js-yaml.js
  checksum: 10/c138a34a3fd0d08ebaf71273ad4465569a483b8a639e0b118ff65698d257c2791d3199e3f303631f2cb98213fa7b5f5d6a4621fd0fff819421b990d30d967140
  languageName: node
  linkType: hard

"jsonc-parser@npm:~3.3.1":
  version: 3.3.1
  resolution: "jsonc-parser@npm:3.3.1"
  checksum: 10/9b0dc391f20b47378f843ef1e877e73ec652a5bdc3c5fa1f36af0f119a55091d147a86c1ee86a232296f55c929bba174538c2bf0312610e0817a22de131cc3f4
  languageName: node
  linkType: hard

"jsonpointer@npm:~5.0.1":
  version: 5.0.1
  resolution: "jsonpointer@npm:5.0.1"
  checksum: 10/0b40f712900ad0c846681ea2db23b6684b9d5eedf55807b4708c656f5894b63507d0e28ae10aa1bddbea551241035afe62b6df0800fc94c2e2806a7f3adecd7c
  languageName: node
  linkType: hard

"katex@npm:^0.16.0":
  version: 0.16.22
  resolution: "katex@npm:0.16.22"
  dependencies:
    commander: "npm:^8.3.0"
  bin:
    katex: cli.js
  checksum: 10/fdb8667d9aa971154502b120ba340766754d202e3d3e322aca0a96de27032ad2dbb8a7295d798d310cd7ce4ddd21ed1f3318895541b61c9b4fdf611166589e02
  languageName: node
  linkType: hard

"linkify-it@npm:^5.0.0":
  version: 5.0.0
  resolution: "linkify-it@npm:5.0.0"
  dependencies:
    uc.micro: "npm:^2.0.0"
  checksum: 10/ef3b7609dda6ec0c0be8a7b879cea195f0d36387b0011660cd6711bba0ad82137f59b458b7e703ec74f11d88e7c1328e2ad9b855a8500c0ded67461a8c4519e6
  languageName: node
  linkType: hard

"lru-cache@npm:^11.0.0":
  version: 11.2.2
  resolution: "lru-cache@npm:11.2.2"
  checksum: 10/fa7919fbf068a739f79a1ad461eb273514da7246cebb9dca68e3cd7ba19e3839e7e2aaecd9b72867e08038561eeb96941189e89b3d4091c75ced4f56c71c80db
  languageName: node
  linkType: hard

"markdown-it@npm:~14.1.0":
  version: 14.1.0
  resolution: "markdown-it@npm:14.1.0"
  dependencies:
    argparse: "npm:^2.0.1"
    entities: "npm:^4.4.0"
    linkify-it: "npm:^5.0.0"
    mdurl: "npm:^2.0.0"
    punycode.js: "npm:^2.3.1"
    uc.micro: "npm:^2.1.0"
  bin:
    markdown-it: bin/markdown-it.mjs
  checksum: 10/f34f921be178ed0607ba9e3e27c733642be445e9bb6b1dba88da7aafe8ba1bc5d2f1c3aa8f3fc33b49a902da4e4c08c2feadfafb290b8c7dda766208bb6483a9
  languageName: node
  linkType: hard

"markdownlint-cli@npm:^0.45.0":
  version: 0.45.0
  resolution: "markdownlint-cli@npm:0.45.0"
  dependencies:
    commander: "npm:~13.1.0"
    glob: "npm:~11.0.2"
    ignore: "npm:~7.0.4"
    js-yaml: "npm:~4.1.0"
    jsonc-parser: "npm:~3.3.1"
    jsonpointer: "npm:~5.0.1"
    markdown-it: "npm:~14.1.0"
    markdownlint: "npm:~0.38.0"
    minimatch: "npm:~10.0.1"
    run-con: "npm:~1.3.2"
    smol-toml: "npm:~1.3.4"
  bin:
    markdownlint: markdownlint.js
  checksum: 10/659de07e193bbdb34aca2ddbc86664350d658dee3cdf3eb7b1820c12da0f150df78bbcd7b1f7a848bb54e1afd84388f0f4233dd658c648d532f5c3ee76251478
  languageName: node
  linkType: hard

"markdownlint@npm:~0.38.0":
  version: 0.38.0
  resolution: "markdownlint@npm:0.38.0"
  dependencies:
    micromark: "npm:4.0.2"
    micromark-core-commonmark: "npm:2.0.3"
    micromark-extension-directive: "npm:4.0.0"
    micromark-extension-gfm-autolink-literal: "npm:2.1.0"
    micromark-extension-gfm-footnote: "npm:2.1.0"
    micromark-extension-gfm-table: "npm:2.1.1"
    micromark-extension-math: "npm:3.1.0"
    micromark-util-types: "npm:2.0.2"
  checksum: 10/294f575fb030210fdc9b79a370eb76506ba793cc2732bb6ed6eb0c25affc521e4362a4eaee8d7dc3d10a2ea5ced1f223c4412a6cd4972cfc84975ce9b4a56dbd
  languageName: node
  linkType: hard

"mdurl@npm:^2.0.0":
  version: 2.0.0
  resolution: "mdurl@npm:2.0.0"
  checksum: 10/1720349d4a53e401aa993241368e35c0ad13d816ad0b28388928c58ca9faa0cf755fa45f18ccbf64f4ce54a845a50ddce5c84e4016897b513096a68dac4b0158
  languageName: node
  linkType: hard

"micromark-core-commonmark@npm:2.0.3, micromark-core-commonmark@npm:^2.0.0":
  version: 2.0.3
  resolution: "micromark-core-commonmark@npm:2.0.3"
  dependencies:
    decode-named-character-reference: "npm:^1.0.0"
    devlop: "npm:^1.0.0"
    micromark-factory-destination: "npm:^2.0.0"
    micromark-factory-label: "npm:^2.0.0"
    micromark-factory-space: "npm:^2.0.0"
    micromark-factory-title: "npm:^2.0.0"
    micromark-factory-whitespace: "npm:^2.0.0"
    micromark-util-character: "npm:^2.0.0"
    micromark-util-chunked: "npm:^2.0.0"
    micromark-util-classify-character: "npm:^2.0.0"
    micromark-util-html-tag-name: "npm:^2.0.0"
    micromark-util-normalize-identifier: "npm:^2.0.0"
    micromark-util-resolve-all: "npm:^2.0.0"
    micromark-util-subtokenize: "npm:^2.0.0"
    micromark-util-symbol: "npm:^2.0.0"
    micromark-util-types: "npm:^2.0.0"
  checksum: 10/2b98b9eba1463850ebd8f338f966bd2113dafe764b490ebee3dccab3764d3c48b53fe67673297530e56bf54f58de27dfd1952ed79c5b4e32047cb7f29bd807f2
  languageName: node
  linkType: hard

"micromark-extension-directive@npm:4.0.0":
  version: 4.0.0
  resolution: "micromark-extension-directive@npm:4.0.0"
  dependencies:
    devlop: "npm:^1.0.0"
    micromark-factory-space: "npm:^2.0.0"
    micromark-factory-whitespace: "npm:^2.0.0"
    micromark-util-character: "npm:^2.0.0"
    micromark-util-symbol: "npm:^2.0.0"
    micromark-util-types: "npm:^2.0.0"
    parse-entities: "npm:^4.0.0"
  checksum: 10/3053b77c9175e9da7886a3af6b2a810358982cc7baabe886dde52d257e3d1b0e0f3c274891a3db7c5d53a8c7688cd915631f43f680e8a88c83f5951a6e5e34c3
  languageName: node
  linkType: hard

"micromark-extension-gfm-autolink-literal@npm:2.1.0":
  version: 2.1.0
  resolution: "micromark-extension-gfm-autolink-literal@npm:2.1.0"
  dependencies:
    micromark-util-character: "npm:^2.0.0"
    micromark-util-sanitize-uri: "npm:^2.0.0"
    micromark-util-symbol: "npm:^2.0.0"
    micromark-util-types: "npm:^2.0.0"
  checksum: 10/933b9b96ca62cd50732d9e58ae90ba446f4314e0ecbff3127e9aae430d9a295346f88fb33b5532acaf648d659b0db92e0c00c2e9f504c0d7b8bb4553318cac50
  languageName: node
  linkType: hard

"micromark-extension-gfm-footnote@npm:2.1.0":
  version: 2.1.0
  resolution: "micromark-extension-gfm-footnote@npm:2.1.0"
  dependencies:
    devlop: "npm:^1.0.0"
    micromark-core-commonmark: "npm:^2.0.0"
    micromark-factory-space: "npm:^2.0.0"
    micromark-util-character: "npm:^2.0.0"
    micromark-util-normalize-identifier: "npm:^2.0.0"
    micromark-util-sanitize-uri: "npm:^2.0.0"
    micromark-util-symbol: "npm:^2.0.0"
    micromark-util-types: "npm:^2.0.0"
  checksum: 10/7e019414e31ab53c49c909b7068adbbcb1726433fce82bf735219276fe6e00a42b66288acb5c8831f80e77480fac34880eeeb60b1dc09d5885862b31db4b9ea2
  languageName: node
  linkType: hard

"micromark-extension-gfm-table@npm:2.1.1":
  version: 2.1.1
  resolution: "micromark-extension-gfm-table@npm:2.1.1"
  dependencies:
    devlop: "npm:^1.0.0"
    micromark-factory-space: "npm:^2.0.0"
    micromark-util-character: "npm:^2.0.0"
    micromark-util-symbol: "npm:^2.0.0"
    micromark-util-types: "npm:^2.0.0"
  checksum: 10/0391ead408d79a183a9bba325b0e660b85aef2cd6e442a9214afc4e0bdc3105cd7dbf41fc75465acf152883a4050b6203107c2a80bcadb304235581a1340fd8c
  languageName: node
  linkType: hard

"micromark-extension-math@npm:3.1.0":
  version: 3.1.0
  resolution: "micromark-extension-math@npm:3.1.0"
  dependencies:
    "@types/katex": "npm:^0.16.0"
    devlop: "npm:^1.0.0"
    katex: "npm:^0.16.0"
    micromark-factory-space: "npm:^2.0.0"
    micromark-util-character: "npm:^2.0.0"
    micromark-util-symbol: "npm:^2.0.0"
    micromark-util-types: "npm:^2.0.0"
  checksum: 10/37b2002aca15cf354ff754191379942f2b36df5ceeb69509294d80b4e158e8af83dda03c434e1497ccc597d63cf85a1ccc0d46f17770fc7692f76887404c8d1d
  languageName: node
  linkType: hard

"micromark-factory-destination@npm:^2.0.0":
  version: 2.0.1
  resolution: "micromark-factory-destination@npm:2.0.1"
  dependencies:
    micromark-util-character: "npm:^2.0.0"
    micromark-util-symbol: "npm:^2.0.0"
    micromark-util-types: "npm:^2.0.0"
  checksum: 10/9c4baa9ca2ed43c061bbf40ddd3d85154c2a0f1f485de9dea41d7dd2ad994ebb02034a003b2c1dbe228ba83a0576d591f0e90e0bf978713f84ee7d7f3aa98320
  languageName: node
  linkType: hard

"micromark-factory-label@npm:^2.0.0":
  version: 2.0.1
  resolution: "micromark-factory-label@npm:2.0.1"
  dependencies:
    devlop: "npm:^1.0.0"
    micromark-util-character: "npm:^2.0.0"
    micromark-util-symbol: "npm:^2.0.0"
    micromark-util-types: "npm:^2.0.0"
  checksum: 10/bd03f5a75f27cdbf03b894ddc5c4480fc0763061fecf9eb927d6429233c930394f223969a99472df142d570c831236134de3dc23245d23d9f046f9d0b623b5c2
  languageName: node
  linkType: hard

"micromark-factory-space@npm:^2.0.0":
  version: 2.0.1
  resolution: "micromark-factory-space@npm:2.0.1"
  dependencies:
    micromark-util-character: "npm:^2.0.0"
    micromark-util-types: "npm:^2.0.0"
  checksum: 10/1bd68a017c1a66f4787506660c1e1c5019169aac3b1cb075d49ac5e360e0b2065e984d4e1d6e9e52a9d44000f2fa1c98e66a743d7aae78b4b05616bf3242ed71
  languageName: node
  linkType: hard

"micromark-factory-title@npm:^2.0.0":
  version: 2.0.1
  resolution: "micromark-factory-title@npm:2.0.1"
  dependencies:
    micromark-factory-space: "npm:^2.0.0"
    micromark-util-character: "npm:^2.0.0"
    micromark-util-symbol: "npm:^2.0.0"
    micromark-util-types: "npm:^2.0.0"
  checksum: 10/b4d2e4850a8ba0dff25ce54e55a3eb0d43dda88a16293f53953153288f9d84bcdfa8ca4606b2cfbb4f132ea79587bbb478a73092a349f893f5264fbcdbce2ee1
  languageName: node
  linkType: hard

"micromark-factory-whitespace@npm:^2.0.0":
  version: 2.0.1
  resolution: "micromark-factory-whitespace@npm:2.0.1"
  dependencies:
    micromark-factory-space: "npm:^2.0.0"
    micromark-util-character: "npm:^2.0.0"
    micromark-util-symbol: "npm:^2.0.0"
    micromark-util-types: "npm:^2.0.0"
  checksum: 10/67b3944d012a42fee9e10e99178254a04d48af762b54c10a50fcab988688799993efb038daf9f5dbc04001a97b9c1b673fc6f00e6a56997877ab25449f0c8650
  languageName: node
  linkType: hard

"micromark-util-character@npm:^2.0.0":
  version: 2.1.1
  resolution: "micromark-util-character@npm:2.1.1"
  dependencies:
    micromark-util-symbol: "npm:^2.0.0"
    micromark-util-types: "npm:^2.0.0"
  checksum: 10/85da8f8e5f7ed16046575bef5b0964ca3fca3162b87b74ae279f1e48eb7160891313eb64f04606baed81c58b514dbdb64f1a9d110a51baaaa79225d72a7b1852
  languageName: node
  linkType: hard

"micromark-util-chunked@npm:^2.0.0":
  version: 2.0.1
  resolution: "micromark-util-chunked@npm:2.0.1"
  dependencies:
    micromark-util-symbol: "npm:^2.0.0"
  checksum: 10/f8cb2a67bcefe4bd2846d838c97b777101f0043b9f1de4f69baf3e26bb1f9885948444e3c3aec66db7595cad8173bd4567a000eb933576c233d54631f6323fe4
  languageName: node
  linkType: hard

"micromark-util-classify-character@npm:^2.0.0":
  version: 2.0.1
  resolution: "micromark-util-classify-character@npm:2.0.1"
  dependencies:
    micromark-util-character: "npm:^2.0.0"
    micromark-util-symbol: "npm:^2.0.0"
    micromark-util-types: "npm:^2.0.0"
  checksum: 10/4d8bbe3a6dbf69ac0fc43516866b5bab019fe3f4568edc525d4feaaaf78423fa54e6b6732b5bccbeed924455279a3758ffc9556954aafb903982598a95a02704
  languageName: node
  linkType: hard

"micromark-util-combine-extensions@npm:^2.0.0":
  version: 2.0.1
  resolution: "micromark-util-combine-extensions@npm:2.0.1"
  dependencies:
    micromark-util-chunked: "npm:^2.0.0"
    micromark-util-types: "npm:^2.0.0"
  checksum: 10/5d22fb9ee37e8143adfe128a72b50fa09568c2cc553b3c76160486c96dbbb298c5802a177a10a215144a604b381796071b5d35be1f2c2b2ee17995eda92f0c8e
  languageName: node
  linkType: hard

"micromark-util-decode-numeric-character-reference@npm:^2.0.0":
  version: 2.0.2
  resolution: "micromark-util-decode-numeric-character-reference@npm:2.0.2"
  dependencies:
    micromark-util-symbol: "npm:^2.0.0"
  checksum: 10/ee11c8bde51e250e302050474c4a2adca094bca05c69f6cdd241af12df285c48c88d19ee6e022b9728281c280be16328904adca994605680c43af56019f4b0b6
  languageName: node
  linkType: hard

"micromark-util-encode@npm:^2.0.0":
  version: 2.0.1
  resolution: "micromark-util-encode@npm:2.0.1"
  checksum: 10/be890b98e78dd0cdd953a313f4148c4692cc2fb05533e56fef5f421287d3c08feee38ca679f318e740530791fc251bfe8c80efa926fcceb4419b269c9343d226
  languageName: node
  linkType: hard

"micromark-util-html-tag-name@npm:^2.0.0":
  version: 2.0.1
  resolution: "micromark-util-html-tag-name@npm:2.0.1"
  checksum: 10/dea365f5ad28ad74ff29fcb581f7b74fc1f80271c5141b3b2bc91c454cbb6dfca753f28ae03730d657874fcbd89d0494d0e3965dfdca06d9855f467c576afa9d
  languageName: node
  linkType: hard

"micromark-util-normalize-identifier@npm:^2.0.0":
  version: 2.0.1
  resolution: "micromark-util-normalize-identifier@npm:2.0.1"
  dependencies:
    micromark-util-symbol: "npm:^2.0.0"
  checksum: 10/1eb9a289d7da067323df9fdc78bfa90ca3207ad8fd893ca02f3133e973adcb3743b233393d23d95c84ccaf5d220ae7f5a28402a644f135dcd4b8cfa60a7b5f84
  languageName: node
  linkType: hard

"micromark-util-resolve-all@npm:^2.0.0":
  version: 2.0.1
  resolution: "micromark-util-resolve-all@npm:2.0.1"
  dependencies:
    micromark-util-types: "npm:^2.0.0"
  checksum: 10/9275f3ddb6c26f254dd2158e66215d050454b279707a7d9ce5a3cd0eba23201021cedcb78ae1a746c1b23227dcc418ee40dd074ade195359506797a5493550cc
  languageName: node
  linkType: hard

"micromark-util-sanitize-uri@npm:^2.0.0":
  version: 2.0.1
  resolution: "micromark-util-sanitize-uri@npm:2.0.1"
  dependencies:
    micromark-util-character: "npm:^2.0.0"
    micromark-util-encode: "npm:^2.0.0"
    micromark-util-symbol: "npm:^2.0.0"
  checksum: 10/064c72abfc9777864ca0521a016dde62ab3e7af5215d10fd27e820798500d5d305da638459c589275c1a093cf588f493cc2f65273deac5a5331ecefc6c9ea78a
  languageName: node
  linkType: hard

"micromark-util-subtokenize@npm:^2.0.0":
  version: 2.1.0
  resolution: "micromark-util-subtokenize@npm:2.1.0"
  dependencies:
    devlop: "npm:^1.0.0"
    micromark-util-chunked: "npm:^2.0.0"
    micromark-util-symbol: "npm:^2.0.0"
    micromark-util-types: "npm:^2.0.0"
  checksum: 10/5f18c70cb952a414a4d161f5d6a5254d33c7dfcd56577e592ef2e172a0414058d3531a3554f43538f14e243592fffbc2e68ddaf6a41c54577b3ba7beb555d3dc
  languageName: node
  linkType: hard

"micromark-util-symbol@npm:^2.0.0":
  version: 2.0.1
  resolution: "micromark-util-symbol@npm:2.0.1"
  checksum: 10/497e6d95fc21c2bb5265b78a6a60db518c376dc438739b2e7d4aee6f9f165222711724b456c63163314f32b8eea68a064687711d41e986262926eab23ddb9229
  languageName: node
  linkType: hard

"micromark-util-types@npm:2.0.2, micromark-util-types@npm:^2.0.0":
  version: 2.0.2
  resolution: "micromark-util-types@npm:2.0.2"
  checksum: 10/a9eb067bd9384eab61942285d53738aa22f3fef4819eaf20249bec6ec13f1e4da2800230fd0ceb7e705108987aa9062fe3e9a8e5e48aa60180db80b9489dc3e2
  languageName: node
  linkType: hard

"micromark@npm:4.0.2":
  version: 4.0.2
  resolution: "micromark@npm:4.0.2"
  dependencies:
    "@types/debug": "npm:^4.0.0"
    debug: "npm:^4.0.0"
    decode-named-character-reference: "npm:^1.0.0"
    devlop: "npm:^1.0.0"
    micromark-core-commonmark: "npm:^2.0.0"
    micromark-factory-space: "npm:^2.0.0"
    micromark-util-character: "npm:^2.0.0"
    micromark-util-chunked: "npm:^2.0.0"
    micromark-util-combine-extensions: "npm:^2.0.0"
    micromark-util-decode-numeric-character-reference: "npm:^2.0.0"
    micromark-util-encode: "npm:^2.0.0"
    micromark-util-normalize-identifier: "npm:^2.0.0"
    micromark-util-resolve-all: "npm:^2.0.0"
    micromark-util-sanitize-uri: "npm:^2.0.0"
    micromark-util-subtokenize: "npm:^2.0.0"
    micromark-util-symbol: "npm:^2.0.0"
    micromark-util-types: "npm:^2.0.0"
  checksum: 10/1b85e49c8f71013df2d07a59e477deb72cd325d41cc15f35b2aa52b8b7a93fed45498ce3e18ed34464a9afa9ba8a9210b2509454b2a2d16ac06c7429f562bfac
  languageName: node
  linkType: hard

"minimatch@npm:^10.0.3, minimatch@npm:~10.0.1":
  version: 10.0.3
  resolution: "minimatch@npm:10.0.3"
  dependencies:
    "@isaacs/brace-expansion": "npm:^5.0.0"
  checksum: 10/d5b8b2538b367f2cfd4aeef27539fddeee58d1efb692102b848e4a968a09780a302c530eb5aacfa8c57f7299155fb4b4e85219ad82664dcef5c66f657111d9b8
  languageName: node
  linkType: hard

"minimist@npm:^1.2.8":
  version: 1.2.8
  resolution: "minimist@npm:1.2.8"
  checksum: 10/908491b6cc15a6c440ba5b22780a0ba89b9810e1aea684e253e43c4e3b8d56ec1dcdd7ea96dde119c29df59c936cde16062159eae4225c691e19c70b432b6e6f
  languageName: node
  linkType: hard

"minipass@npm:^7.1.2":
  version: 7.1.2
  resolution: "minipass@npm:7.1.2"
  checksum: 10/c25f0ee8196d8e6036661104bacd743785b2599a21de5c516b32b3fa2b83113ac89a2358465bc04956baab37ffb956ae43be679b2262bf7be15fce467ccd7950
  languageName: node
  linkType: hard

"ms@npm:^2.1.3":
  version: 2.1.3
  resolution: "ms@npm:2.1.3"
  checksum: 10/aa92de608021b242401676e35cfa5aa42dd70cbdc082b916da7fb925c542173e36bce97ea3e804923fe92c0ad991434e4a38327e15a1b5b5f945d66df615ae6d
  languageName: node
  linkType: hard

"package-json-from-dist@npm:^1.0.0":
  version: 1.0.1
  resolution: "package-json-from-dist@npm:1.0.1"
  checksum: 10/58ee9538f2f762988433da00e26acc788036914d57c71c246bf0be1b60cdbd77dd60b6a3e1a30465f0b248aeb80079e0b34cb6050b1dfa18c06953bb1cbc7602
  languageName: node
  linkType: hard

"parse-entities@npm:^4.0.0":
  version: 4.0.2
  resolution: "parse-entities@npm:4.0.2"
  dependencies:
    "@types/unist": "npm:^2.0.0"
    character-entities-legacy: "npm:^3.0.0"
    character-reference-invalid: "npm:^2.0.0"
    decode-named-character-reference: "npm:^1.0.0"
    is-alphanumerical: "npm:^2.0.0"
    is-decimal: "npm:^2.0.0"
    is-hexadecimal: "npm:^2.0.0"
  checksum: 10/b0ce693d0b3d7ed1cea6fe814e6e077c71532695f01178e846269e9a2bc2f7ff34ca4bb8db80b48af0451100f25bb010df6591c9bb6306e4680ccb423d1e4038
  languageName: node
  linkType: hard

"path-key@npm:^3.1.0":
  version: 3.1.1
  resolution: "path-key@npm:3.1.1"
  checksum: 10/55cd7a9dd4b343412a8386a743f9c746ef196e57c823d90ca3ab917f90ab9f13dd0ded27252ba49dbdfcab2b091d998bc446f6220cd3cea65db407502a740020
  languageName: node
  linkType: hard

"path-scurry@npm:^2.0.0":
  version: 2.0.0
  resolution: "path-scurry@npm:2.0.0"
  dependencies:
    lru-cache: "npm:^11.0.0"
    minipass: "npm:^7.1.2"
  checksum: 10/285ae0c2d6c34ae91dc1d5378ede21981c9a2f6de1ea9ca5a88b5a270ce9763b83dbadc7a324d512211d8d36b0c540427d3d0817030849d97a60fa840a2c59ec
  languageName: node
  linkType: hard

"punycode.js@npm:^2.3.1":
  version: 2.3.1
  resolution: "punycode.js@npm:2.3.1"
  checksum: 10/f0e946d1edf063f9e3d30a32ca86d8ff90ed13ca40dad9c75d37510a04473340cfc98db23a905cc1e517b1e9deb0f6021dce6f422ace235c60d3c9ac47c5a16a
  languageName: node
  linkType: hard

"run-con@npm:~1.3.2":
  version: 1.3.2
  resolution: "run-con@npm:1.3.2"
  dependencies:
    deep-extend: "npm:^0.6.0"
    ini: "npm:~4.1.0"
    minimist: "npm:^1.2.8"
    strip-json-comments: "npm:~3.1.1"
  bin:
    run-con: cli.js
  checksum: 10/0cef37768266b1913797f78a5a3bff64caf27b032a8b154e1e25c8841aa9cbbbb264f2bf1fdd05a608416fc8c0f486444d98ea42d7fa24196b7deb346d145f3c
  languageName: node
  linkType: hard

"shebang-command@npm:^2.0.0":
  version: 2.0.0
  resolution: "shebang-command@npm:2.0.0"
  dependencies:
    shebang-regex: "npm:^3.0.0"
  checksum: 10/6b52fe87271c12968f6a054e60f6bde5f0f3d2db483a1e5c3e12d657c488a15474121a1d55cd958f6df026a54374ec38a4a963988c213b7570e1d51575cea7fa
  languageName: node
  linkType: hard

"shebang-regex@npm:^3.0.0":
  version: 3.0.0
  resolution: "shebang-regex@npm:3.0.0"
  checksum: 10/1a2bcae50de99034fcd92ad4212d8e01eedf52c7ec7830eedcf886622804fe36884278f2be8be0ea5fde3fd1c23911643a4e0f726c8685b61871c8908af01222
  languageName: node
  linkType: hard

"signal-exit@npm:^4.0.1":
  version: 4.1.0
  resolution: "signal-exit@npm:4.1.0"
  checksum: 10/c9fa63bbbd7431066174a48ba2dd9986dfd930c3a8b59de9c29d7b6854ec1c12a80d15310869ea5166d413b99f041bfa3dd80a7947bcd44ea8e6eb3ffeabfa1f
  languageName: node
  linkType: hard

"smol-toml@npm:~1.3.4":
  version: 1.3.4
  resolution: "smol-toml@npm:1.3.4"
  checksum: 10/795db36448db6b353ea1171fad8b72ae2fea3b5f9aa48d2f4c79699e10bdca74d59202f6715ff738fae817bf1f80e0c38c4d3ddf8b812cac26cc6255eaa0caa2
  languageName: node
  linkType: hard

"string-width-cjs@npm:string-width@^4.2.0, string-width@npm:^4.1.0":
  version: 4.2.3
  resolution: "string-width@npm:4.2.3"
  dependencies:
    emoji-regex: "npm:^8.0.0"
    is-fullwidth-code-point: "npm:^3.0.0"
    strip-ansi: "npm:^6.0.1"
  checksum: 10/e52c10dc3fbfcd6c3a15f159f54a90024241d0f149cf8aed2982a2d801d2e64df0bf1dc351cf8e95c3319323f9f220c16e740b06faecd53e2462df1d2b5443fb
  languageName: node
  linkType: hard

"string-width@npm:^5.0.1, string-width@npm:^5.1.2":
  version: 5.1.2
  resolution: "string-width@npm:5.1.2"
  dependencies:
    eastasianwidth: "npm:^0.2.0"
    emoji-regex: "npm:^9.2.2"
    strip-ansi: "npm:^7.0.1"
  checksum: 10/7369deaa29f21dda9a438686154b62c2c5f661f8dda60449088f9f980196f7908fc39fdd1803e3e01541970287cf5deae336798337e9319a7055af89dafa7193
  languageName: node
  linkType: hard

"strip-ansi-cjs@npm:strip-ansi@^6.0.1, strip-ansi@npm:^6.0.0, strip-ansi@npm:^6.0.1":
  version: 6.0.1
  resolution: "strip-ansi@npm:6.0.1"
  dependencies:
    ansi-regex: "npm:^5.0.1"
  checksum: 10/ae3b5436d34fadeb6096367626ce987057713c566e1e7768818797e00ac5d62023d0f198c4e681eae9e20701721980b26a64a8f5b91238869592a9c6800719a2
  languageName: node
  linkType: hard

"strip-ansi@npm:^7.0.1":
  version: 7.1.2
  resolution: "strip-ansi@npm:7.1.2"
  dependencies:
    ansi-regex: "npm:^6.0.1"
  checksum: 10/db0e3f9654e519c8a33c50fc9304d07df5649388e7da06d3aabf66d29e5ad65d5e6315d8519d409c15b32fa82c1df7e11ed6f8cd50b0e4404463f0c9d77c8d0b
  languageName: node
  linkType: hard

"strip-json-comments@npm:~3.1.1":
  version: 3.1.1
  resolution: "strip-json-comments@npm:3.1.1"
  checksum: 10/492f73e27268f9b1c122733f28ecb0e7e8d8a531a6662efbd08e22cccb3f9475e90a1b82cab06a392f6afae6d2de636f977e231296400d0ec5304ba70f166443
  languageName: node
  linkType: hard

"typescript@npm:^5.9.2":
  version: 5.9.2
  resolution: "typescript@npm:5.9.2"
  bin:
    tsc: bin/tsc
    tsserver: bin/tsserver
  checksum: 10/cc2fe6c822819de5d453fa25aa9f32096bf70dde215d481faa1ad84a283dfb264e33988ed8f6d36bc803dd0b16dbe943efa311a798ef76d5b3892a05dfbfd628
  languageName: node
  linkType: hard

"typescript@patch:typescript@npm%3A^5.9.2#optional!builtin<compat/typescript>":
  version: 5.9.2
  resolution: "typescript@patch:typescript@npm%3A5.9.2#optional!builtin<compat/typescript>::version=5.9.2&hash=5786d5"
  bin:
    tsc: bin/tsc
    tsserver: bin/tsserver
  checksum: 10/bd810ab13e8e557225a8b5122370385440b933e4e077d5c7641a8afd207fdc8be9c346e3c678adba934b64e0e70b0acf5eef9493ea05170a48ce22bef845fdc7
  languageName: node
  linkType: hard

"uc.micro@npm:^2.0.0, uc.micro@npm:^2.1.0":
  version: 2.1.0
  resolution: "uc.micro@npm:2.1.0"
  checksum: 10/37197358242eb9afe367502d4638ac8c5838b78792ab218eafe48287b0ed28aaca268ec0392cc5729f6c90266744de32c06ae938549aee041fc93b0f9672d6b2
  languageName: node
  linkType: hard

"which@npm:^2.0.1":
  version: 2.0.2
  resolution: "which@npm:2.0.2"
  dependencies:
    isexe: "npm:^2.0.0"
  bin:
    node-which: ./bin/node-which
  checksum: 10/4782f8a1d6b8fc12c65e968fea49f59752bf6302dc43036c3bf87da718a80710f61a062516e9764c70008b487929a73546125570acea95c5b5dcc8ac3052c70f
  languageName: node
  linkType: hard

"wrap-ansi-cjs@npm:wrap-ansi@^7.0.0":
  version: 7.0.0
  resolution: "wrap-ansi@npm:7.0.0"
  dependencies:
    ansi-styles: "npm:^4.0.0"
    string-width: "npm:^4.1.0"
    strip-ansi: "npm:^6.0.0"
  checksum: 10/cebdaeca3a6880da410f75209e68cd05428580de5ad24535f22696d7d9cab134d1f8498599f344c3cf0fb37c1715807a183778d8c648d6cc0cb5ff2bb4236540
  languageName: node
  linkType: hard

"wrap-ansi@npm:^8.1.0":
  version: 8.1.0
  resolution: "wrap-ansi@npm:8.1.0"
  dependencies:
    ansi-styles: "npm:^6.1.0"
    string-width: "npm:^5.0.1"
    strip-ansi: "npm:^7.0.1"
  checksum: 10/7b1e4b35e9bb2312d2ee9ee7dc95b8cb5f8b4b5a89f7dde5543fe66c1e3715663094defa50d75454ac900bd210f702d575f15f3f17fa9ec0291806d2578d1ddf
  languageName: node
  linkType: hard
